
Microsoft Visual Studio Solution File, Format Version 11.00
# Visual Studio 2010
Project("{8BC9CEB8-8B4A-11D0-8D11-00A0C91BC942}") = "C0compiler", "C0compiler\C0compiler.vcxproj", "{39983580-37A5-43D2-A6AB-2E2FAD1684DF}"
EndProject
Global
	GlobalSection(SolutionConfigurationPlatforms) = preSolution
		Debug|Win32 = Debug|Win32
		Release|Win32 = Release|Win32
	EndGlobalSection
	GlobalSection(ProjectConfigurationPlatforms) = postSolution
		{39983580-37A5-43D2-A6AB-2E2FAD1684DF}.Debug|Win32.ActiveCfg = Debug|Win32
		{39983580-37A5-43D2-A6AB-2E2FAD1684DF}.Debug|Win32.Build.0 = Debug|Win32
		{39983580-37A5-43D2-A6AB-2E2FAD1684DF}.Release|Win32.ActiveCfg = Release|Win32
		{39983580-37A5-43D2-A6AB-2E2FAD1684DF}.Release|Win32.Build.0 = Release|Win32
	EndGlobalSection
	GlobalSection(SolutionProperties) = preSolution
		HideSolutionNode = FALSE
	EndGlobalSection
EndGlobal
